
Microsoft Visual Studio Solution File, Format Version 12.00
# Visual Studio Version 17
VisualStudioVersion = 17.13.35825.156
MinimumVisualStudioVersion = 10.0.40219.1
Project("{FAE04EC0-301F-11D3-BF4B-00C04F79EFBC}") = "Common", "Common\Common.csproj", "{FF65B7A1-ED7A-464E-AEA0-1076220A5624}"
EndProject
Project("{FAE04EC0-301F-11D3-BF4B-00C04F79EFBC}") = "Server", "Server\Server.csproj", "{162B442F-D5D8-4DFC-AE95-F44C2F40AE21}"
EndProject
Project("{FAE04EC0-301F-11D3-BF4B-00C04F79EFBC}") = "Clientt", "Clientt\Clientt.csproj", "{65A85CF6-DCD6-4CCA-AA48-FD27D17659BD}"
EndProject
Global
	GlobalSection(SolutionConfigurationPlatforms) = preSolution
		Debug|Any CPU = Debug|Any CPU
		Release|Any CPU = Release|Any CPU
	EndGlobalSection
	GlobalSection(ProjectConfigurationPlatforms) = postSolution
		{FF65B7A1-ED7A-464E-AEA0-1076220A5624}.Debug|Any CPU.ActiveCfg = Debug|Any CPU
		{FF65B7A1-ED7A-464E-AEA0-1076220A5624}.Debug|Any CPU.Build.0 = Debug|Any CPU
		{FF65B7A1-ED7A-464E-AEA0-1076220A5624}.Release|Any CPU.ActiveCfg = Release|Any CPU
		{FF65B7A1-ED7A-464E-AEA0-1076220A5624}.Release|Any CPU.Build.0 = Release|Any CPU
		{162B442F-D5D8-4DFC-AE95-F44C2F40AE21}.Debug|Any CPU.ActiveCfg = Debug|Any CPU
		{162B442F-D5D8-4DFC-AE95-F44C2F40AE21}.Debug|Any CPU.Build.0 = Debug|Any CPU
		{162B442F-D5D8-4DFC-AE95-F44C2F40AE21}.Release|Any CPU.ActiveCfg = Release|Any CPU
		{162B442F-D5D8-4DFC-AE95-F44C2F40AE21}.Release|Any CPU.Build.0 = Release|Any CPU
		{65A85CF6-DCD6-4CCA-AA48-FD27D17659BD}.Debug|Any CPU.ActiveCfg = Debug|Any CPU
		{65A85CF6-DCD6-4CCA-AA48-FD27D17659BD}.Debug|Any CPU.Build.0 = Debug|Any CPU
		{65A85CF6-DCD6-4CCA-AA48-FD27D17659BD}.Release|Any CPU.ActiveCfg = Release|Any CPU
		{65A85CF6-DCD6-4CCA-AA48-FD27D17659BD}.Release|Any CPU.Build.0 = Release|Any CPU
	EndGlobalSection
	GlobalSection(SolutionProperties) = preSolution
		HideSolutionNode = FALSE
	EndGlobalSection
	GlobalSection(ExtensibilityGlobals) = postSolution
		SolutionGuid = {111817C2-F631-45BD-BEA7-F149DE63CEBB}
	EndGlobalSection
EndGlobal
